// !$*UTF8*$!
{
	archiveVersion = 1;
	classes = {
	};
	objectVersion = 50;
	objects = {

/* Begin PBXBuildFile section */
		209CC95025D4A21A00C9075C /* AppDelegate.swift in Sources */ = {isa = PBXBuildFile; fileRef = 209CC94F25D4A21A00C9075C /* AppDelegate.swift */; };
		209CC95225D4A21A00C9075C /* SceneDelegate.swift in Sources */ = {isa = PBXBuildFile; fileRef = 209CC95125D4A21A00C9075C /* SceneDelegate.swift */; };
		209CC95425D4A21A00C9075C /* ViewController.swift in Sources */ = {isa = PBXBuildFile; fileRef = 209CC95325D4A21A00C9075C /* ViewController.swift */; };
		209CC95725D4A21A00C9075C /* Main.storyboard in Resources */ = {isa = PBXBuildFile; fileRef = 209CC95525D4A21A00C9075C /* Main.storyboard */; };
		209CC95925D4A21B00C9075C /* Assets.xcassets in Resources */ = {isa = PBXBuildFile; fileRef = 209CC95825D4A21B00C9075C /* Assets.xcassets */; };
		209CC95C25D4A21B00C9075C /* LaunchScreen.storyboard in Resources */ = {isa = PBXBuildFile; fileRef = 209CC95A25D4A21B00C9075C /* LaunchScreen.storyboard */; };
/* End PBXBuildFile section */

/* Begin PBXFileReference section */
		209CC94C25D4A21A00C9075C /* Dexy.app */ = {isa = PBXFileReference; explicitFileType = wrapper.application; includeInIndex = 0; path = Dexy.app; sourceTree = BUILT_PRODUCTS_DIR; };
		209CC94F25D4A21A00C9075C /* AppDelegate.swift */ = {isa = PBXFileReference; lastKnownFileType = sourcecode.swift; path = AppDelegate.swift; sourceTree = "<group>"; };
		209CC95125D4A21A00C9075C /* SceneDelegate.swift */ = {isa = PBXFileReference; lastKnownFileType = sourcecode.swift; path = SceneDelegate.swift; sourceTree = "<group>"; };
		209CC95325D4A21A00C9075C /* ViewController.swift */ = {isa = PBXFileReference; lastKnownFileType = sourcecode.swift; path = ViewController.swift; sourceTree = "<group>"; };
		209CC95625D4A21A00C9075C /* Base */ = {isa = PBXFileReference; lastKnownFileType = file.storyboard; name = Base; path = Base.lproj/Main.storyboard; sourceTree = "<group>"; };
		209CC95825D4A21B00C9075C /* Assets.xcassets */ = {isa = PBXFileReference; lastKnownFileType = folder.assetcatalog; path = Assets.xcassets; sourceTree = "<group>"; };
		209CC95B25D4A21B00C9075C /* Base */ = {isa = PBXFileReference; lastKnownFileType = file.storyboard; name = Base; path = Base.lproj/LaunchScreen.storyboard; sourceTree = "<group>"; };
		209CC95D25D4A21B00C9075C /* Info.plist */ = {isa = PBXFileReference; lastKnownFileType = text.plist.xml; path = Info.plist; sourceTree = "<group>"; };
/* End PBXFileReference section */

/* Begin PBXFrameworksBuildPhase section */
		209CC94925D4A21A00C9075C /* Frameworks */ = {
			isa = PBXFrameworksBuildPhase;
			buildActionMask = 2147483647;
			files = (
			);
			runOnlyForDeploymentPostprocessing = 0;
		};
/* End PBXFrameworksBuildPhase section */

/* Begin PBXGroup section */
		209CC94325D4A21900C9075C = {
			isa = PBXGroup;
			children = (
				209CC94E25D4A21A00C9075C /* Dexy */,
				209CC94D25D4A21A00C9075C /* Products */,
			);
			sourceTree = "<group>";
		};
		209CC94D25D4A21A00C9075C /* Products */ = {
			isa = PBXGroup;
			children = (
				209CC94C25D4A21A00C9075C /* Dexy.app */,
			);
			name = Products;
			sourceTree = "<group>";
		};
		209CC94E25D4A21A00C9075C /* Dexy */ = {
			isa = PBXGroup;
			children = (
				209CC94F25D4A21A00C9075C /* AppDelegate.swift */,
				209CC95125D4A21A00C9075C /* SceneDelegate.swift */,
				209CC95325D4A21A00C9075C /* ViewController.swift */,
				209CC95525D4A21A00C9075C /* Main.storyboard */,
				209CC95825D4A21B00C9075C /* Assets.xcassets */,
				209CC95A25D4A21B00C9075C /* LaunchScreen.storyboard */,
				209CC95D25D4A21B00C9075C /* Info.plist */,
			);
			path = Dexy;
			sourceTree = "<group>";
		};
/* End PBXGroup section */

/* Begin PBXNativeTarget section */
		209CC94B25D4A21A00C9075C /* Dexy */ = {
			isa = PBXNativeTarget;
			buildConfigurationList = 209CC96025D4A21B00C9075C /* Build configuration list for PBXNativeTarget "Dexy" */;
			buildPhases = (
				209CC94825D4A21A00C9075C /* Sources */,
				209CC94925D4A21A00C9075C /* Frameworks */,
				209CC94A25D4A21A00C9075C /* Resources */,
			);
			buildRules = (
			);
			dependencies = (
			);
			name = Dexy;
			productName = Dexy;
			productReference = 209CC94C25D4A21A00C9075C /* Dexy.app */;
			productType = "com.apple.product-type.application";
		};
/* End PBXNativeTarget section */

/* Begin PBXProject section */
		209CC94425D4A21900C9075C /* Project object */ = {
			isa = PBXProject;
			attributes = {
				LastSwiftUpdateCheck = 1240;
				LastUpgradeCheck = 1240;
				TargetAttributes = {
					209CC94B25D4A21A00C9075C = {
						CreatedOnToolsVersion = 12.4;
					};
				};
			};
			buildConfigurationList = 209CC94725D4A21900C9075C /* Build configuration list for PBXProject "Dexy" */;
			compatibilityVersion = "Xcode 9.3";
			developmentRegion = en;
			hasScannedForEncodings = 0;
			knownRegions = (
				en,
				Base,
			);
			mainGroup = 209CC94325D4A21900C9075C;
			productRefGroup = 209CC94D25D4A21A00C9075C /* Products */;
			projectDirPath = "";
			projectRoot = "";
			targets = (
				209CC94B25D4A21A00C9075C /* Dexy */,
			);
		};
/* End PBXProject section */

/* Begin PBXResourcesBuildPhase section */
		209CC94A25D4A21A00C9075C /* Resources */ = {
			isa = PBXResourcesBuildPhase;
			buildActionMask = 2147483647;
			files = (
				209CC95C25D4A21B00C9075C /* LaunchScreen.storyboard in Resources */,
				209CC95925D4A21B00C9075C /* Assets.xcassets in Resources */,
				209CC95725D4A21A00C9075C /* Main.storyboard in Resources */,
			);
			runOnlyForDeploymentPostprocessing = 0;
		};
/* End PBXResourcesBuildPhase section */

/* Begin PBXSourcesBuildPhase section */
		209CC94825D4A21A00C9075C /* Sources */ = {
			isa = PBXSourcesBuildPhase;
			buildActionMask = 2147483647;
			files = (
				209CC95425D4A21A00C9075C /* ViewController.swift in Sources */,
				209CC95025D4A21A00C9075C /* AppDelegate.swift in Sources */,
				209CC95225D4A21A00C9075C /* SceneDelegate.swift in Sources */,
			);
			runOnlyForDeploymentPostprocessing = 0;
		};
/* End PBXSourcesBuildPhase section */

/* Begin PBXVariantGroup section */
		209CC95525D4A21A00C9075C /* Main.storyboard */ = {
			isa = PBXVariantGroup;
			children = (
				209CC95625D4A21A00C9075C /* Base */,
			);
			name = Main.storyboard;
			sourceTree = "<group>";
		};
		209CC95A25D4A21B00C9075C /* LaunchScreen.storyboard */ = {
			isa = PBXVariantGroup;
			children = (
				209CC95B25D4A21B00C9075C /* Base */,
			);
			name = LaunchScreen.storyboard;
			sourceTree = "<group>";
		};
/* End PBXVariantGroup section */

/* Begin XCBuildConfiguration section */
		209CC95E25D4A21B00C9075C /* Debug */ = {
			isa = XCBuildConfiguration;
			buildSettings = {
				ALWAYS_SEARCH_USER_PATHS = NO;
				CLANG_ANALYZER_NONNULL = YES;
				CLANG_ANALYZER_NUMBER_OBJECT_CONVERSION = YES_AGGRESSIVE;
				CLANG_CXX_LANGUAGE_STANDARD = "gnu++14";
				CLANG_CXX_LIBRARY = "libc++";
				CLANG_ENABLE_MODULES = YES;
				CLANG_ENABLE_OBJC_ARC = YES;
				CLANG_ENABLE_OBJC_WEAK = YES;
				CLANG_WARN_BLOCK_CAPTURE_AUTORELEASING = YES;
				CLANG_WARN_BOOL_CONVERSION = YES;
				CLANG_WARN_COMMA = YES;
				CLANG_WARN_CONSTANT_CONVERSION = YES;
				CLANG_WARN_DEPRECATED_OBJC_IMPLEMENTATIONS = YES;
				CLANG_WARN_DIRECT_OBJC_ISA_USAGE = YES_ERROR;
				CLANG_WARN_DOCUMENTATION_COMMENTS = YES;
				CLANG_WARN_EMPTY_BODY = YES;
				CLANG_WARN_ENUM_CONVERSION = YES;
				CLANG_WARN_INFINITE_RECURSION = YES;
				CLANG_WARN_INT_CONVERSION = YES;
				CLANG_WARN_NON_LITERAL_NULL_CONVERSION = YES;
				CLANG_WARN_OBJC_IMPLICIT_RETAIN_SELF = YES;
				CLANG_WARN_OBJC_LITERAL_CONVERSION = YES;
				CLANG_WARN_OBJC_ROOT_CLASS = YES_ERROR;
				CLANG_WARN_QUOTED_INCLUDE_IN_FRAMEWORK_HEADER = YES;
				CLANG_WARN_RANGE_LOOP_ANALYSIS = YES;
				CLANG_WARN_STRICT_PROTOTYPES = YES;
				CLANG_WARN_SUSPICIOUS_MOVE = YES;
				CLANG_WARN_UNGUARDED_AVAILABILITY = YES_AGGRESSIVE;
				CLANG_WARN_UNREACHABLE_CODE = YES;
				CLANG_WARN__DUPLICATE_METHOD_MATCH = YES;
				COPY_PHASE_STRIP = NO;
				DEBUG_INFORMATION_FORMAT = dwarf;
				ENABLE_STRICT_OBJC_MSGSEND = YES;
				ENABLE_TESTABILITY = YES;
				GCC_C_LANGUAGE_STANDARD = gnu11;
				GCC_DYNAMIC_NO_PIC = NO;
				GCC_NO_COMMON_BLOCKS = YES;
				GCC_OPTIMIZATION_LEVEL = 0;
				GCC_PREPROCESSOR_DEFINITIONS = (
					"DEBUG=1",
					"$(inherited)",
				);
				GCC_WARN_64_TO_32_BIT_CONVERSION = YES;
				GCC_WARN_ABOUT_RETURN_TYPE = YES_ERROR;
				GCC_WARN_UNDECLARED_SELECTOR = YES;
				GCC_WARN_UNINITIALIZED_AUTOS = YES_AGGRESSIVE;
				GCC_WARN_UNUSED_FUNCTION = YES;
				GCC_WARN_UNUSED_VARIABLE = YES;
				IPHONEOS_DEPLOYMENT_TARGET = 14.4;
				MTL_ENABLE_DEBUG_INFO = INCLUDE_SOURCE;
				MTL_FAST_MATH = YES;
				ONLY_ACTIVE_ARCH = YES;
				SDKROOT = iphoneos;
				SWIFT_ACTIVE_COMPILATION_CONDITIONS = DEBUG;
				SWIFT_OPTIMIZATION_LEVEL = "-Onone";
			};
			name = Debug;
		};
		209CC95F25D4A21B00C9075C /* Release */ = {
			isa = XCBuildConfiguration;
			buildSettings = {
				ALWAYS_SEARCH_USER_PATHS = NO;
				CLANG_ANALYZER_NONNULL = YES;
				CLANG_ANALYZER_NUMBER_OBJECT_CONVERSION = YES_AGGRESSIVE;
				CLANG_CXX_LANGUAGE_STANDARD = "gnu++14";
				CLANG_CXX_LIBRARY = "libc++";
				CLANG_ENABLE_MODULES = YES;
				CLANG_ENABLE_OBJC_ARC = YES;
				CLANG_ENABLE_OBJC_WEAK = YES;
				CLANG_WARN_BLOCK_CAPTURE_AUTORELEASING = YES;
				CLANG_WARN_BOOL_CONVERSION = YES;
				CLANG_WARN_COMMA = YES;
				CLANG_WARN_CONSTANT_CONVERSION = YES;
				CLANG_WARN_DEPRECATED_OBJC_IMPLEMENTATIONS = YES;
				CLANG_WARN_DIRECT_OBJC_ISA_USAGE = YES_ERROR;
				CLANG_WARN_DOCUMENTATION_COMMENTS = YES;
				CLANG_WARN_EMPTY_BODY = YES;
				CLANG_WARN_ENUM_CONVERSION = YES;
				CLANG_WARN_INFINITE_RECURSION = YES;
				CLANG_WARN_INT_CONVERSION = YES;
				CLANG_WARN_NON_LITERAL_NULL_CONVERSION = YES;
				CLANG_WARN_OBJC_IMPLICIT_RETAIN_SELF = YES;
				CLANG_WARN_OBJC_LITERAL_CONVERSION = YES;
				CLANG_WARN_OBJC_ROOT_CLASS = YES_ERROR;
				CLANG_WARN_QUOTED_INCLUDE_IN_FRAMEWORK_HEADER = YES;
				CLANG_WARN_RANGE_LOOP_ANALYSIS = YES;
				CLANG_WARN_STRICT_PROTOTYPES = YES;
				CLANG_WARN_SUSPICIOUS_MOVE = YES;
				CLANG_WARN_UNGUARDED_AVAILABILITY = YES_AGGRESSIVE;
				CLANG_WARN_UNREACHABLE_CODE = YES;
				CLANG_WARN__DUPLICATE_METHOD_MATCH = YES;
				COPY_PHASE_STRIP = NO;
				DEBUG_INFORMATION_FORMAT = "dwarf-with-dsym";
				ENABLE_NS_ASSERTIONS = NO;
				ENABLE_STRICT_OBJC_MSGSEND = YES;
				GCC_C_LANGUAGE_STANDARD = gnu11;
				GCC_NO_COMMON_BLOCKS = YES;
				GCC_WARN_64_TO_32_BIT_CONVERSION = YES;
				GCC_WARN_ABOUT_RETURN_TYPE = YES_ERROR;
				GCC_WARN_UNDECLARED_SELECTOR = YES;
				GCC_WARN_UNINITIALIZED_AUTOS = YES_AGGRESSIVE;
				GCC_WARN_UNUSED_FUNCTION = YES;
				GCC_WARN_UNUSED_VARIABLE = YES;
				IPHONEOS_DEPLOYMENT_TARGET = 14.4;
				MTL_ENABLE_DEBUG_INFO = NO;
				MTL_FAST_MATH = YES;
				SDKROOT = iphoneos;
				SWIFT_COMPILATION_MODE = wholemodule;
				SWIFT_OPTIMIZATION_LEVEL = "-O";
				VALIDATE_PRODUCT = YES;
			};
			name = Release;
		};
		209CC96125D4A21B00C9075C /* Debug */ = {
			isa = XCBuildConfiguration;
			buildSettings = {
				ASSETCATALOG_COMPILER_APPICON_NAME = AppIcon;
				ASSETCATALOG_COMPILER_GLOBAL_ACCENT_COLOR_NAME = AccentColor;
				CODE_SIGN_STYLE = Automatic;
				DEVELOPMENT_TEAM = VWKMMKH888;
				INFOPLIST_FILE = Dexy/Info.plist;
				LD_RUNPATH_SEARCH_PATHS = (
					"$(inherited)",
					"@executable_path/Frameworks",
				);
				PRODUCT_BUNDLE_IDENTIFIER = orange.ihorvalds.Dexy;
				PRODUCT_NAME = "$(TARGET_NAME)";
				SWIFT_VERSION = 5.0;
				TARGETED_DEVICE_FAMILY = "1,2";
			};
			name = Debug;
		};
		209CC96225D4A21B00C9075C /* Release */ = {
			isa = XCBuildConfiguration;
			buildSettings = {
				ASSETCATALOG_COMPILER_APPICON_NAME = AppIcon;
				ASSETCATALOG_COMPILER_GLOBAL_ACCENT_COLOR_NAME = AccentColor;
				CODE_SIGN_STYLE = Automatic;
				DEVELOPMENT_TEAM = VWKMMKH888;
				INFOPLIST_FILE = Dexy/Info.plist;
				LD_RUNPATH_SEARCH_PATHS = (
					"$(inherited)",
					"@executable_path/Frameworks",
				);
				PRODUCT_BUNDLE_IDENTIFIER = orange.ihorvalds.Dexy;
				PRODUCT_NAME = "$(TARGET_NAME)";
				SWIFT_VERSION = 5.0;
				TARGETED_DEVICE_FAMILY = "1,2";
			};
			name = Release;
		};
/* End XCBuildConfiguration section */

/* Begin XCConfigurationList section */
		209CC94725D4A21900C9075C /* Build configuration list for PBXProject "Dexy" */ = {
			isa = XCConfigurationList;
			buildConfigurations = (
				209CC95E25D4A21B00C9075C /* Debug */,
				209CC95F25D4A21B00C9075C /* Release */,
			);
			defaultConfigurationIsVisible = 0;
			defaultConfigurationName = Release;
		};
		209CC96025D4A21B00C9075C /* Build configuration list for PBXNativeTarget "Dexy" */ = {
			isa = XCConfigurationList;
			buildConfigurations = (
				209CC96125D4A21B00C9075C /* Debug */,
				209CC96225D4A21B00C9075C /* Release */,
			);
			defaultConfigurationIsVisible = 0;
			defaultConfigurationName = Release;
		};
/* End XCConfigurationList section */
	};
	rootObject = 209CC94425D4A21900C9075C /* Project object */;
}
